
Microsoft Visual Studio Solution File, Format Version 12.00
Project("{FAE04EC0-301F-11D3-BF4B-00C04F79EFBC}") = "CubePortal", "CubePortal\CubePortal.csproj", "{7C2D55C3-203F-4FEA-94B8-5385DBAF1F56}"
EndProject
Global
	GlobalSection(SolutionConfigurationPlatforms) = preSolution
		Debug|Any CPU = Debug|Any CPU
		Release|Any CPU = Release|Any CPU
		Heroku|Any CPU = Heroku|Any CPU
	EndGlobalSection
	GlobalSection(ProjectConfigurationPlatforms) = postSolution
		{7C2D55C3-203F-4FEA-94B8-5385DBAF1F56}.Debug|Any CPU.ActiveCfg = Debug|Any CPU
		{7C2D55C3-203F-4FEA-94B8-5385DBAF1F56}.Debug|Any CPU.Build.0 = Debug|Any CPU
		{7C2D55C3-203F-4FEA-94B8-5385DBAF1F56}.Release|Any CPU.ActiveCfg = Release|Any CPU
		{7C2D55C3-203F-4FEA-94B8-5385DBAF1F56}.Release|Any CPU.Build.0 = Release|Any CPU
		{7C2D55C3-203F-4FEA-94B8-5385DBAF1F56}.Heroku|Any CPU.ActiveCfg = Heroku|Any CPU
		{7C2D55C3-203F-4FEA-94B8-5385DBAF1F56}.Heroku|Any CPU.Build.0 = Heroku|Any CPU
	EndGlobalSection
EndGlobal
