{
  "requires": true,
  "lockfileVersion": 1,
  "dependencies": {
    "@alloc/types": {
      "version": "1.3.0",
      "resolved": "https://registry.npmjs.org/@alloc/types/-/types-1.3.0.tgz",
      "integrity": "sha512-mH7LiFiq9g6rX2tvt1LtwsclfG5hnsmtIfkZiauAGrm1AwXhoRS0sF2WrN9JGN7eV5vFXqNaB0eXZ3IvMsVi9g=="
    },
    "@babel/runtime": {
      "version": "7.13.10",
      "resolved": "https://registry.npmjs.org/@babel/runtime/-/runtime-7.13.10.tgz",
      "integrity": "sha512-4QPkjJq6Ns3V/RgpEahRk+AGfL0eO6RHHtTWoNNr5mO49G6B5+X6d6THgWEAvTrznU5xYpbAlVKRYcsCgh/Akw==",
      "requires": {
        "regenerator-runtime": "^0.13.4"
      }
    },
    "@react-spring/animated": {
      "version": "9.0.0",
      "resolved": "https://registry.npmjs.org/@react-spring/animated/-/animated-9.0.0.tgz",
      "integrity": "sha512-6EF7iNnBJzFozqc9rhdAvqW5WAIcLO3VapGd8OjRqHPL27zHP14n9klfPx2ccSPtVqs5EbttG6a+ntiP6RUTGw==",
      "requires": {
        "@react-spring/shared": "^9.0.0",
        "@react-spring/types": "^9.0.0",
        "react-layout-effect": "^1.0.1"
      }
    },
    "@react-spring/core": {
      "version": "9.0.0",
      "resolved": "https://registry.npmjs.org/@react-spring/core/-/core-9.0.0.tgz",
      "integrity": "sha512-VE193rRuv4BKON+K+UpHhPfs2snt2ySr0bYz35Lm+7Xw9PDoV7VVsoG3p/K/zNKLJWioyUQXKI0UkbUaS3KCfQ==",
      "requires": {
        "@react-spring/animated": "^9.0.0",
        "@react-spring/shared": "^9.0.0",
        "@react-spring/types": "^9.0.0",
        "react-layout-effect": "^1.0.1"
      }
    },
    "@react-spring/shared": {
      "version": "9.0.0",
      "resolved": "https://registry.npmjs.org/@react-spring/shared/-/shared-9.0.0.tgz",
      "integrity": "sha512-cbVTcepW5vj5BtGwxm6DU19C1QgK55YiPiEGRQLoQuvyKo/6LUPTWg0DO+Nzti90d52hcyb2WnGA5tE8sQHifw==",
      "requires": {
        "@react-spring/types": "^9.0.0",
        "fluids": "^0.2.2",
        "rafz": "^0.1.13"
      }
    },
    "@react-spring/types": {
      "version": "9.0.0",
      "resolved": "https://registry.npmjs.org/@react-spring/types/-/types-9.0.0.tgz",
      "integrity": "sha512-29PVjz3luTk1gMV6ZjVKmyIT45tpTKd7g37hfAzYE8drm7bOC5T/kcLM+gXl2HRYCwrzXKduW7jOwjlpEmma+w==",
      "requires": {
        "@alloc/types": "^1.2.1"
      }
    },
    "@react-spring/web": {
      "version": "9.0.0",
      "resolved": "https://registry.npmjs.org/@react-spring/web/-/web-9.0.0.tgz",
      "integrity": "sha512-A75WR7eYUS1p80KQcmVOakWwXCZ/+bnGd4FhKfAm8E4Kl//ZvPXVMuOuPP8hOsxy5sd7FZkbIULOCsRvXHFRQg==",
      "requires": {
        "@react-spring/animated": "^9.0.0",
        "@react-spring/core": "^9.0.0",
        "@react-spring/shared": "^9.0.0",
        "@react-spring/types": "^9.0.0"
      }
    },
    "debounce": {
      "version": "1.2.1",
      "resolved": "https://registry.npmjs.org/debounce/-/debounce-1.2.1.tgz",
      "integrity": "sha512-XRRe6Glud4rd/ZGQfiV1ruXSfbvfJedlV9Y6zOlP+2K04vBYiJEte6stfFkCP03aMnY5tsipamumUjL14fofug=="
    },
    "detect-gpu": {
      "version": "3.0.0",
      "resolved": "https://registry.npmjs.org/detect-gpu/-/detect-gpu-3.0.0.tgz",
      "integrity": "sha512-D/uxvKWDqhy7XoHHdC7By1Bzxuv0t8OwccsiW1DbRPsqOr0rTAjxdO//bSck6QS54jc9QHbaQoRczAy5KbCOCQ==",
      "requires": {
        "webgl-constants": "^1.1.1"
      }
    },
    "drei": {
      "version": "2.2.21",
      "resolved": "https://registry.npmjs.org/drei/-/drei-2.2.21.tgz",
      "integrity": "sha512-ue0fmH0VfyYUeHyyEggSsIvYQrSY3mUdW4MDiTxn69hQ08S52Z1bAHsBsE7o7TQD8cBQu+oGCRGXf7HBOUYgng==",
      "requires": {
        "@babel/runtime": "^7.11.2",
        "@react-spring/web": "^9.0.0-rc.3",
        "detect-gpu": "^3.0.0",
        "glsl-noise": "^0.0.0",
        "lodash.omit": "^4.5.0",
        "lodash.pick": "^4.4.0",
        "react-merge-refs": "^1.0.0",
        "stats.js": "^0.17.0",
        "troika-three-text": "^0.34.2",
        "utility-types": "^3.10.0",
        "zustand": "^3.0.3"
      }
    },
    "fast-deep-equal": {
      "version": "3.1.3",
      "resolved": "https://registry.npmjs.org/fast-deep-equal/-/fast-deep-equal-3.1.3.tgz",
      "integrity": "sha512-f3qQ9oQy9j2AhBe/H9VC91wLmKBCCU/gDOnKNAYG5hswO7BLKj09Hc5HYNz9cGI++xlpDCIgDaitVs03ATR84Q=="
    },
    "fluids": {
      "version": "0.2.8",
      "resolved": "https://registry.npmjs.org/fluids/-/fluids-0.2.8.tgz",
      "integrity": "sha512-60W1IZZaIm7OeNKhlyxNgCqEt0t89ds+RODxiWy6BVgaolK1eXFCamIEmxdAx8o83XtuH1haIl5QkOX2nff9wA=="
    },
    "glsl-noise": {
      "version": "0.0.0",
      "resolved": "https://registry.npmjs.org/glsl-noise/-/glsl-noise-0.0.0.tgz",
      "integrity": "sha1-NndF86MzgsDu7Ey1S36Zz8HXZws="
    },
    "js-tokens": {
      "version": "4.0.0",
      "resolved": "https://registry.npmjs.org/js-tokens/-/js-tokens-4.0.0.tgz",
      "integrity": "sha512-RdJUflcE3cUzKiMqQgsCu06FPu9UdIJO0beYbPhHN4k6apgJtifcoCtT9bcxOpYBtpD2kCM6Sbzg4CausW/PKQ=="
    },
    "lodash.omit": {
      "version": "4.5.0",
      "resolved": "https://registry.npmjs.org/lodash.omit/-/lodash.omit-4.5.0.tgz",
      "integrity": "sha1-brGa5aHuHdnfC5aeZs4Lf6MLXmA="
    },
    "lodash.pick": {
      "version": "4.4.0",
      "resolved": "https://registry.npmjs.org/lodash.pick/-/lodash.pick-4.4.0.tgz",
      "integrity": "sha1-UvBWEP/53tQiYRRB7R/BI6AwAbM="
    },
    "loose-envify": {
      "version": "1.4.0",
      "resolved": "https://registry.npmjs.org/loose-envify/-/loose-envify-1.4.0.tgz",
      "integrity": "sha512-lyuxPGr/Wfhrlem2CL/UcnUc1zcqKAImBDzukY7Y5F/yQiNdko6+fRLevlw1HgMySw7f611UIY408EtxRSoK3Q==",
      "requires": {
        "js-tokens": "^3.0.0 || ^4.0.0"
      }
    },
    "object-assign": {
      "version": "4.1.1",
      "resolved": "https://registry.npmjs.org/object-assign/-/object-assign-4.1.1.tgz",
      "integrity": "sha1-IQmtx5ZYh8/AXLvUQsrIv7s2CGM="
    },
    "rafz": {
      "version": "0.1.14",
      "resolved": "https://registry.npmjs.org/rafz/-/rafz-0.1.14.tgz",
      "integrity": "sha512-YiQkedSt1urYtYbvHhTQR3l67M8SZbUvga5eJFM/v4vx/GmDdtXlE2hjJIyRjhhO/PjcdGC+CXCYOUA4onit8w=="
    },
    "react-layout-effect": {
      "version": "1.0.5",
      "resolved": "https://registry.npmjs.org/react-layout-effect/-/react-layout-effect-1.0.5.tgz",
      "integrity": "sha512-zdRXHuch+OBHU6bvjTelOGUCM+UDr/iCY+c0wXLEAc+G4/FlcJruD/hUOzlKH5XgO90Y/BUJPNhI/g9kl+VAsA=="
    },
    "react-merge-refs": {
      "version": "1.1.0",
      "resolved": "https://registry.npmjs.org/react-merge-refs/-/react-merge-refs-1.1.0.tgz",
      "integrity": "sha512-alTKsjEL0dKH/ru1Iyn7vliS2QRcBp9zZPGoWxUOvRGWPUYgjo+V01is7p04It6KhgrzhJGnIj9GgX8W4bZoCQ=="
    },
    "react-reconciler": {
      "version": "0.26.1",
      "resolved": "https://registry.npmjs.org/react-reconciler/-/react-reconciler-0.26.1.tgz",
      "integrity": "sha512-6E/CvH9zcDmHjhiNJlP0qJ8+3ufnY2b5RWs774Uy8XKWN0l6qfnlkz0XnDacxqj2rbJdq76w9dlFXjPPOQrmqA==",
      "requires": {
        "loose-envify": "^1.1.0",
        "object-assign": "^4.1.1",
        "scheduler": "^0.20.1"
      }
    },
    "react-three-fiber": {
      "version": "5.3.19",
      "resolved": "https://registry.npmjs.org/react-three-fiber/-/react-three-fiber-5.3.19.tgz",
      "integrity": "sha512-UJyTTIsZ0qdSopejslLVclR2jNtHJamnTmPxoJ9vDWIws+5/E2JYOHQv6W9HrnBIH19caEB5rdKvphur/VUpiQ==",
      "requires": {
        "@babel/runtime": "^7.12.1",
        "react-merge-refs": "^1.1.0",
        "react-reconciler": "0.26.1",
        "react-use-measure": "^2.0.3",
        "resize-observer-polyfill": "^1.5.1",
        "scheduler": "0.20.1",
        "tiny-emitter": "^2.1.0",
        "use-asset": "^1.0.2",
        "utility-types": "^3.10.0"
      }
    },
    "react-use-measure": {
      "version": "2.0.4",
      "resolved": "https://registry.npmjs.org/react-use-measure/-/react-use-measure-2.0.4.tgz",
      "integrity": "sha512-7K2HIGaPMl3Q9ZQiEVjen3tRXl4UDda8LiTPy/QxP8dP2rl5gPBhf7mMH6MVjjRNv3loU7sNzey/ycPNnHVTxQ==",
      "requires": {
        "debounce": "^1.2.0"
      }
    },
    "redux": {
      "version": "4.0.5",
      "resolved": "https://registry.npmjs.org/redux/-/redux-4.0.5.tgz",
      "integrity": "sha512-VSz1uMAH24DM6MF72vcojpYPtrTUu3ByVWfPL1nPfVRb5mZVTve5GnNCUV53QM/BZ66xfWrm0CTWoM+Xlz8V1w==",
      "requires": {
        "loose-envify": "^1.4.0",
        "symbol-observable": "^1.2.0"
      }
    },
    "regenerator-runtime": {
      "version": "0.13.7",
      "resolved": "https://registry.npmjs.org/regenerator-runtime/-/regenerator-runtime-0.13.7.tgz",
      "integrity": "sha512-a54FxoJDIr27pgf7IgeQGxmqUNYrcV338lf/6gH456HZ/PhX+5BcwHXG9ajESmwe6WRO0tAzRUrRmNONWgkrew=="
    },
    "resize-observer-polyfill": {
      "version": "1.5.1",
      "resolved": "https://registry.npmjs.org/resize-observer-polyfill/-/resize-observer-polyfill-1.5.1.tgz",
      "integrity": "sha512-LwZrotdHOo12nQuZlHEmtuXdqGoOD0OhaxopaNFxWzInpEgaLWoVuAMbTzixuosCx2nEG58ngzW3vxdWoxIgdg=="
    },
    "scheduler": {
      "version": "0.20.1",
      "resolved": "https://registry.npmjs.org/scheduler/-/scheduler-0.20.1.tgz",
      "integrity": "sha512-LKTe+2xNJBNxu/QhHvDR14wUXHRQbVY5ZOYpOGWRzhydZUqrLb2JBvLPY7cAqFmqrWuDED0Mjk7013SZiOz6Bw==",
      "requires": {
        "loose-envify": "^1.1.0",
        "object-assign": "^4.1.1"
      }
    },
    "stats.js": {
      "version": "0.17.0",
      "resolved": "https://registry.npmjs.org/stats.js/-/stats.js-0.17.0.tgz",
      "integrity": "sha1-scPcRtlEmLV4t/05hbgaznExzH0="
    },
    "symbol-observable": {
      "version": "1.2.0",
      "resolved": "https://registry.npmjs.org/symbol-observable/-/symbol-observable-1.2.0.tgz",
      "integrity": "sha512-e900nM8RRtGhlV36KGEU9k65K3mPb1WV70OdjfxlG2EAuM1noi/E/BaW/uMhL7bPEssK8QV57vN3esixjUvcXQ=="
    },
    "three": {
      "version": "0.126.1",
      "resolved": "https://registry.npmjs.org/three/-/three-0.126.1.tgz",
      "integrity": "sha512-eOEXnZeE1FDV0XgL1u08auIP13jxdN9LQBAEmlErYzMxtIIfuGIAZbijOyookALUhqVzVOx0Tywj6n192VM+nQ=="
    },
    "tiny-emitter": {
      "version": "2.1.0",
      "resolved": "https://registry.npmjs.org/tiny-emitter/-/tiny-emitter-2.1.0.tgz",
      "integrity": "sha512-NB6Dk1A9xgQPMoGqC5CVXn123gWyte215ONT5Pp5a0yt4nlEoO1ZWeCwpncaekPHXO60i47ihFnZPiRPjRMq4Q=="
    },
    "troika-three-text": {
      "version": "0.34.2",
      "resolved": "https://registry.npmjs.org/troika-three-text/-/troika-three-text-0.34.2.tgz",
      "integrity": "sha512-2YNZjI1TJXDrSz3JvQEW4GXJ6/Zlca+On0rbPyqGvcKYZTXzHkUd7a/wBIBicP9Ca/W+V0E+BVLvsoZEXjqTfg==",
      "requires": {
        "troika-three-utils": "^0.34.0",
        "troika-worker-utils": "^0.34.1"
      }
    },
    "troika-three-utils": {
      "version": "0.34.0",
      "resolved": "https://registry.npmjs.org/troika-three-utils/-/troika-three-utils-0.34.0.tgz",
      "integrity": "sha512-6Dm6FzGFpuiehjKkm3wAV3e+SPnHQ+GxwXnHFToKLcQ1/gVDOIL69BWCosrlEUb0SUOQjQv6sd5QpNT6IIewpQ=="
    },
    "troika-worker-utils": {
      "version": "0.34.1",
      "resolved": "https://registry.npmjs.org/troika-worker-utils/-/troika-worker-utils-0.34.1.tgz",
      "integrity": "sha512-zLTSB6ISd/dpBMG6PFR2v7sqU2bqVwOUd45iWzcgcRE9+w/5YJN8h0+H5EmgRPIVe5xus0UZQKUgVH6FRA+YdQ=="
    },
    "use-asset": {
      "version": "1.0.2",
      "resolved": "https://registry.npmjs.org/use-asset/-/use-asset-1.0.2.tgz",
      "integrity": "sha512-ewqcm1+SmRIpIhanbP2Kdt03u7IQfxGixi3dq2AP90GK5J0fFXBeSp4hO43tx3HG5AXvh6U4hQ00x4JXr5Dhiw==",
      "requires": {
        "fast-deep-equal": "^3.1.3"
      }
    },
    "utility-types": {
      "version": "3.10.0",
      "resolved": "https://registry.npmjs.org/utility-types/-/utility-types-3.10.0.tgz",
      "integrity": "sha512-O11mqxmi7wMKCo6HKFt5AhO4BwY3VV68YU07tgxfz8zJTIxr4BpsezN49Ffwy9j3ZpwwJp4fkRwjRzq3uWE6Rg=="
    },
    "webgl-constants": {
      "version": "1.1.1",
      "resolved": "https://registry.npmjs.org/webgl-constants/-/webgl-constants-1.1.1.tgz",
      "integrity": "sha512-LkBXKjU5r9vAW7Gcu3T5u+5cvSvh5WwINdr0C+9jpzVB41cjQAP5ePArDtk/WHYdVj0GefCgM73BA7FlIiNtdg=="
    },
    "zustand": {
      "version": "3.3.3",
      "resolved": "https://registry.npmjs.org/zustand/-/zustand-3.3.3.tgz",
      "integrity": "sha512-KTN/O76rVc9muDoprsCDe/LQjbuq+GHYt5JdYahuXaGZ+8Gyk44SepzTFeQTF5J+b8+/Q+o90BaSEQ3WImKPog=="
    }
  }
}
